// !$*UTF8*$!
{
	archiveVersion = 1;
	classes = {
	};
	objectVersion = 46;
	objects = {

/* Begin PBXBuildFile section */
		43A701FF1868E21800E39CBE /* Foundation.framework in Frameworks */ = {isa = PBXBuildFile; fileRef = 43A701FE1868E21800E39CBE /* Foundation.framework */; };
		43A702011868E21800E39CBE /* CoreGraphics.framework in Frameworks */ = {isa = PBXBuildFile; fileRef = 43A702001868E21800E39CBE /* CoreGraphics.framework */; };
		43A702031868E21800E39CBE /* UIKit.framework in Frameworks */ = {isa = PBXBuildFile; fileRef = 43A702021868E21800E39CBE /* UIKit.framework */; };
		43A702091868E21800E39CBE /* InfoPlist.strings in Resources */ = {isa = PBXBuildFile; fileRef = 43A702071868E21800E39CBE /* InfoPlist.strings */; };
		43A7020B1868E21800E39CBE /* main.m in Sources */ = {isa = PBXBuildFile; fileRef = 43A7020A1868E21800E39CBE /* main.m */; };
		43A7020F1868E21800E39CBE /* RNAppDelegate.m in Sources */ = {isa = PBXBuildFile; fileRef = 43A7020E1868E21800E39CBE /* RNAppDelegate.m */; };
		43A702111868E21800E39CBE /* Images.xcassets in Resources */ = {isa = PBXBuildFile; fileRef = 43A702101868E21800E39CBE /* Images.xcassets */; };
		43A702181868E21900E39CBE /* XCTest.framework in Frameworks */ = {isa = PBXBuildFile; fileRef = 43A702171868E21900E39CBE /* XCTest.framework */; };
		43A702191868E21900E39CBE /* Foundation.framework in Frameworks */ = {isa = PBXBuildFile; fileRef = 43A701FE1868E21800E39CBE /* Foundation.framework */; };
		43A7021A1868E21900E39CBE /* UIKit.framework in Frameworks */ = {isa = PBXBuildFile; fileRef = 43A702021868E21800E39CBE /* UIKit.framework */; };
		43A702221868E21900E39CBE /* InfoPlist.strings in Resources */ = {isa = PBXBuildFile; fileRef = 43A702201868E21900E39CBE /* InfoPlist.strings */; };
		43A702241868E21900E39CBE /* ResplendentNetworkingTests.m in Sources */ = {isa = PBXBuildFile; fileRef = 43A702231868E21900E39CBE /* ResplendentNetworkingTests.m */; };
		43A702391868E2A500E39CBE /* RUJsonRequest.m in Sources */ = {isa = PBXBuildFile; fileRef = 43A702311868E2A500E39CBE /* RUJsonRequest.m */; };
		43A7023A1868E2A500E39CBE /* RUNetworkRequest.m in Sources */ = {isa = PBXBuildFile; fileRef = 43A702331868E2A500E39CBE /* RUNetworkRequest.m */; };
		43A7023B1868E2A500E39CBE /* RUNetworkDictionaryResponse.m in Sources */ = {isa = PBXBuildFile; fileRef = 43A702361868E2A500E39CBE /* RUNetworkDictionaryResponse.m */; };
		43A7023C1868E2A500E39CBE /* RUNetworkResponse.m in Sources */ = {isa = PBXBuildFile; fileRef = 43A702381868E2A500E39CBE /* RUNetworkResponse.m */; };
/* End PBXBuildFile section */

/* Begin PBXContainerItemProxy section */
		43A7021B1868E21900E39CBE /* PBXContainerItemProxy */ = {
			isa = PBXContainerItemProxy;
			containerPortal = 43A701F31868E21800E39CBE /* Project object */;
			proxyType = 1;
			remoteGlobalIDString = 43A701FA1868E21800E39CBE;
			remoteInfo = ResplendentNetworking;
		};
/* End PBXContainerItemProxy section */

/* Begin PBXFileReference section */
		43A701FB1868E21800E39CBE /* ResplendentNetworking.app */ = {isa = PBXFileReference; explicitFileType = wrapper.application; includeInIndex = 0; path = ResplendentNetworking.app; sourceTree = BUILT_PRODUCTS_DIR; };
		43A701FE1868E21800E39CBE /* Foundation.framework */ = {isa = PBXFileReference; lastKnownFileType = wrapper.framework; name = Foundation.framework; path = System/Library/Frameworks/Foundation.framework; sourceTree = SDKROOT; };
		43A702001868E21800E39CBE /* CoreGraphics.framework */ = {isa = PBXFileReference; lastKnownFileType = wrapper.framework; name = CoreGraphics.framework; path = System/Library/Frameworks/CoreGraphics.framework; sourceTree = SDKROOT; };
		43A702021868E21800E39CBE /* UIKit.framework */ = {isa = PBXFileReference; lastKnownFileType = wrapper.framework; name = UIKit.framework; path = System/Library/Frameworks/UIKit.framework; sourceTree = SDKROOT; };
		43A702061868E21800E39CBE /* ResplendentNetworking-Info.plist */ = {isa = PBXFileReference; lastKnownFileType = text.plist.xml; path = "ResplendentNetworking-Info.plist"; sourceTree = "<group>"; };
		43A702081868E21800E39CBE /* en */ = {isa = PBXFileReference; lastKnownFileType = text.plist.strings; name = en; path = en.lproj/InfoPlist.strings; sourceTree = "<group>"; };
		43A7020A1868E21800E39CBE /* main.m */ = {isa = PBXFileReference; lastKnownFileType = sourcecode.c.objc; path = main.m; sourceTree = "<group>"; };
		43A7020C1868E21800E39CBE /* ResplendentNetworking-Prefix.pch */ = {isa = PBXFileReference; lastKnownFileType = sourcecode.c.h; path = "ResplendentNetworking-Prefix.pch"; sourceTree = "<group>"; };
		43A7020D1868E21800E39CBE /* RNAppDelegate.h */ = {isa = PBXFileReference; lastKnownFileType = sourcecode.c.h; path = RNAppDelegate.h; sourceTree = "<group>"; };
		43A7020E1868E21800E39CBE /* RNAppDelegate.m */ = {isa = PBXFileReference; lastKnownFileType = sourcecode.c.objc; path = RNAppDelegate.m; sourceTree = "<group>"; };
		43A702101868E21800E39CBE /* Images.xcassets */ = {isa = PBXFileReference; lastKnownFileType = folder.assetcatalog; path = Images.xcassets; sourceTree = "<group>"; };
		43A702161868E21900E39CBE /* ResplendentNetworkingTests.xctest */ = {isa = PBXFileReference; explicitFileType = wrapper.cfbundle; includeInIndex = 0; path = ResplendentNetworkingTests.xctest; sourceTree = BUILT_PRODUCTS_DIR; };
		43A702171868E21900E39CBE /* XCTest.framework */ = {isa = PBXFileReference; lastKnownFileType = wrapper.framework; name = XCTest.framework; path = Library/Frameworks/XCTest.framework; sourceTree = DEVELOPER_DIR; };
		43A7021F1868E21900E39CBE /* ResplendentNetworkingTests-Info.plist */ = {isa = PBXFileReference; lastKnownFileType = text.plist.xml; path = "ResplendentNetworkingTests-Info.plist"; sourceTree = "<group>"; };
		43A702211868E21900E39CBE /* en */ = {isa = PBXFileReference; lastKnownFileType = text.plist.strings; name = en; path = en.lproj/InfoPlist.strings; sourceTree = "<group>"; };
		43A702231868E21900E39CBE /* ResplendentNetworkingTests.m */ = {isa = PBXFileReference; lastKnownFileType = sourcecode.c.objc; path = ResplendentNetworkingTests.m; sourceTree = "<group>"; };
		43A702301868E2A500E39CBE /* RUJsonRequest.h */ = {isa = PBXFileReference; fileEncoding = 4; lastKnownFileType = sourcecode.c.h; path = RUJsonRequest.h; sourceTree = "<group>"; };
		43A702311868E2A500E39CBE /* RUJsonRequest.m */ = {isa = PBXFileReference; fileEncoding = 4; lastKnownFileType = sourcecode.c.objc; path = RUJsonRequest.m; sourceTree = "<group>"; };
		43A702321868E2A500E39CBE /* RUNetworkRequest.h */ = {isa = PBXFileReference; fileEncoding = 4; lastKnownFileType = sourcecode.c.h; path = RUNetworkRequest.h; sourceTree = "<group>"; };
		43A702331868E2A500E39CBE /* RUNetworkRequest.m */ = {isa = PBXFileReference; fileEncoding = 4; lastKnownFileType = sourcecode.c.objc; path = RUNetworkRequest.m; sourceTree = "<group>"; };
		43A702351868E2A500E39CBE /* RUNetworkDictionaryResponse.h */ = {isa = PBXFileReference; fileEncoding = 4; lastKnownFileType = sourcecode.c.h; path = RUNetworkDictionaryResponse.h; sourceTree = "<group>"; };
		43A702361868E2A500E39CBE /* RUNetworkDictionaryResponse.m */ = {isa = PBXFileReference; fileEncoding = 4; lastKnownFileType = sourcecode.c.objc; path = RUNetworkDictionaryResponse.m; sourceTree = "<group>"; };
		43A702371868E2A500E39CBE /* RUNetworkResponse.h */ = {isa = PBXFileReference; fileEncoding = 4; lastKnownFileType = sourcecode.c.h; path = RUNetworkResponse.h; sourceTree = "<group>"; };
		43A702381868E2A500E39CBE /* RUNetworkResponse.m */ = {isa = PBXFileReference; fileEncoding = 4; lastKnownFileType = sourcecode.c.objc; path = RUNetworkResponse.m; sourceTree = "<group>"; };
		43A7023F1868E3D900E39CBE /* RUConstants.h */ = {isa = PBXFileReference; fileEncoding = 4; lastKnownFileType = sourcecode.c.h; path = RUConstants.h; sourceTree = "<group>"; };
		43A702401868E3D900E39CBE /* RUDebug.h */ = {isa = PBXFileReference; fileEncoding = 4; lastKnownFileType = sourcecode.c.h; path = RUDebug.h; sourceTree = "<group>"; };
		43A702411868E3D900E39CBE /* RUDLog.h */ = {isa = PBXFileReference; fileEncoding = 4; lastKnownFileType = sourcecode.c.h; path = RUDLog.h; sourceTree = "<group>"; };
/* End PBXFileReference section */

/* Begin PBXFrameworksBuildPhase section */
		43A701F81868E21800E39CBE /* Frameworks */ = {
			isa = PBXFrameworksBuildPhase;
			buildActionMask = 2147483647;
			files = (
				43A702011868E21800E39CBE /* CoreGraphics.framework in Frameworks */,
				43A702031868E21800E39CBE /* UIKit.framework in Frameworks */,
				43A701FF1868E21800E39CBE /* Foundation.framework in Frameworks */,
			);
			runOnlyForDeploymentPostprocessing = 0;
		};
		43A702131868E21900E39CBE /* Frameworks */ = {
			isa = PBXFrameworksBuildPhase;
			buildActionMask = 2147483647;
			files = (
				43A702181868E21900E39CBE /* XCTest.framework in Frameworks */,
				43A7021A1868E21900E39CBE /* UIKit.framework in Frameworks */,
				43A702191868E21900E39CBE /* Foundation.framework in Frameworks */,
			);
			runOnlyForDeploymentPostprocessing = 0;
		};
/* End PBXFrameworksBuildPhase section */

/* Begin PBXGroup section */
		43A701F21868E21800E39CBE = {
			isa = PBXGroup;
			children = (
				43A702041868E21800E39CBE /* ResplendentNetworking */,
				43A7021D1868E21900E39CBE /* ResplendentNetworkingTests */,
				43A701FD1868E21800E39CBE /* Frameworks */,
				43A701FC1868E21800E39CBE /* Products */,
			);
			sourceTree = "<group>";
		};
		43A701FC1868E21800E39CBE /* Products */ = {
			isa = PBXGroup;
			children = (
				43A701FB1868E21800E39CBE /* ResplendentNetworking.app */,
				43A702161868E21900E39CBE /* ResplendentNetworkingTests.xctest */,
			);
			name = Products;
			sourceTree = "<group>";
		};
		43A701FD1868E21800E39CBE /* Frameworks */ = {
			isa = PBXGroup;
			children = (
				43A701FE1868E21800E39CBE /* Foundation.framework */,
				43A702001868E21800E39CBE /* CoreGraphics.framework */,
				43A702021868E21800E39CBE /* UIKit.framework */,
				43A702171868E21900E39CBE /* XCTest.framework */,
			);
			name = Frameworks;
			sourceTree = "<group>";
		};
		43A702041868E21800E39CBE /* ResplendentNetworking */ = {
			isa = PBXGroup;
			children = (
				43A7022D1868E2A500E39CBE /* Code */,
				43A7020D1868E21800E39CBE /* RNAppDelegate.h */,
				43A7020E1868E21800E39CBE /* RNAppDelegate.m */,
				43A702101868E21800E39CBE /* Images.xcassets */,
				43A702051868E21800E39CBE /* Supporting Files */,
			);
			path = ResplendentNetworking;
			sourceTree = "<group>";
		};
		43A702051868E21800E39CBE /* Supporting Files */ = {
			isa = PBXGroup;
			children = (
				43A702061868E21800E39CBE /* ResplendentNetworking-Info.plist */,
				43A702071868E21800E39CBE /* InfoPlist.strings */,
				43A7020A1868E21800E39CBE /* main.m */,
				43A7020C1868E21800E39CBE /* ResplendentNetworking-Prefix.pch */,
			);
			name = "Supporting Files";
			sourceTree = "<group>";
		};
		43A7021D1868E21900E39CBE /* ResplendentNetworkingTests */ = {
			isa = PBXGroup;
			children = (
				43A702231868E21900E39CBE /* ResplendentNetworkingTests.m */,
				43A7021E1868E21900E39CBE /* Supporting Files */,
			);
			path = ResplendentNetworkingTests;
			sourceTree = "<group>";
		};
		43A7021E1868E21900E39CBE /* Supporting Files */ = {
			isa = PBXGroup;
			children = (
				43A7021F1868E21900E39CBE /* ResplendentNetworkingTests-Info.plist */,
				43A702201868E21900E39CBE /* InfoPlist.strings */,
			);
			name = "Supporting Files";
			sourceTree = "<group>";
		};
		43A7022D1868E2A500E39CBE /* Code */ = {
			isa = PBXGroup;
			children = (
				43A7022E1868E2A500E39CBE /* ResplendentNetworking */,
				43A7023D1868E3D900E39CBE /* ResplendentUtilities */,
			);
			path = Code;
			sourceTree = "<group>";
		};
		43A7022E1868E2A500E39CBE /* ResplendentNetworking */ = {
			isa = PBXGroup;
			children = (
				43A7022F1868E2A500E39CBE /* Request */,
				43A702341868E2A500E39CBE /* Response */,
			);
			path = ResplendentNetworking;
			sourceTree = "<group>";
		};
		43A7022F1868E2A500E39CBE /* Request */ = {
			isa = PBXGroup;
			children = (
				43A702301868E2A500E39CBE /* RUJsonRequest.h */,
				43A702311868E2A500E39CBE /* RUJsonRequest.m */,
				43A702321868E2A500E39CBE /* RUNetworkRequest.h */,
				43A702331868E2A500E39CBE /* RUNetworkRequest.m */,
			);
			path = Request;
			sourceTree = "<group>";
		};
		43A702341868E2A500E39CBE /* Response */ = {
			isa = PBXGroup;
			children = (
				43A702351868E2A500E39CBE /* RUNetworkDictionaryResponse.h */,
				43A702361868E2A500E39CBE /* RUNetworkDictionaryResponse.m */,
				43A702371868E2A500E39CBE /* RUNetworkResponse.h */,
				43A702381868E2A500E39CBE /* RUNetworkResponse.m */,
			);
			path = Response;
			sourceTree = "<group>";
		};
		43A7023D1868E3D900E39CBE /* ResplendentUtilities */ = {
			isa = PBXGroup;
			children = (
				43A7023E1868E3D900E39CBE /* Misc */,
			);
			path = ResplendentUtilities;
			sourceTree = "<group>";
		};
		43A7023E1868E3D900E39CBE /* Misc */ = {
			isa = PBXGroup;
			children = (
				43A7023F1868E3D900E39CBE /* RUConstants.h */,
				43A702401868E3D900E39CBE /* RUDebug.h */,
				43A702411868E3D900E39CBE /* RUDLog.h */,
			);
			path = Misc;
			sourceTree = "<group>";
		};
/* End PBXGroup section */

/* Begin PBXNativeTarget section */
		43A701FA1868E21800E39CBE /* ResplendentNetworking */ = {
			isa = PBXNativeTarget;
			buildConfigurationList = 43A702271868E21900E39CBE /* Build configuration list for PBXNativeTarget "ResplendentNetworking" */;
			buildPhases = (
				43A701F71868E21800E39CBE /* Sources */,
				43A701F81868E21800E39CBE /* Frameworks */,
				43A701F91868E21800E39CBE /* Resources */,
			);
			buildRules = (
			);
			dependencies = (
			);
			name = ResplendentNetworking;
			productName = ResplendentNetworking;
			productReference = 43A701FB1868E21800E39CBE /* ResplendentNetworking.app */;
			productType = "com.apple.product-type.application";
		};
		43A702151868E21900E39CBE /* ResplendentNetworkingTests */ = {
			isa = PBXNativeTarget;
			buildConfigurationList = 43A7022A1868E21900E39CBE /* Build configuration list for PBXNativeTarget "ResplendentNetworkingTests" */;
			buildPhases = (
				43A702121868E21900E39CBE /* Sources */,
				43A702131868E21900E39CBE /* Frameworks */,
				43A702141868E21900E39CBE /* Resources */,
			);
			buildRules = (
			);
			dependencies = (
				43A7021C1868E21900E39CBE /* PBXTargetDependency */,
			);
			name = ResplendentNetworkingTests;
			productName = ResplendentNetworkingTests;
			productReference = 43A702161868E21900E39CBE /* ResplendentNetworkingTests.xctest */;
			productType = "com.apple.product-type.bundle.unit-test";
		};
/* End PBXNativeTarget section */

/* Begin PBXProject section */
		43A701F31868E21800E39CBE /* Project object */ = {
			isa = PBXProject;
			attributes = {
				CLASSPREFIX = RN;
				LastUpgradeCheck = 0500;
				ORGANIZATIONNAME = Resplendent;
				TargetAttributes = {
					43A702151868E21900E39CBE = {
						TestTargetID = 43A701FA1868E21800E39CBE;
					};
				};
			};
			buildConfigurationList = 43A701F61868E21800E39CBE /* Build configuration list for PBXProject "ResplendentNetworking" */;
			compatibilityVersion = "Xcode 3.2";
			developmentRegion = English;
			hasScannedForEncodings = 0;
			knownRegions = (
				en,
			);
			mainGroup = 43A701F21868E21800E39CBE;
			productRefGroup = 43A701FC1868E21800E39CBE /* Products */;
			projectDirPath = "";
			projectRoot = "";
			targets = (
				43A701FA1868E21800E39CBE /* ResplendentNetworking */,
				43A702151868E21900E39CBE /* ResplendentNetworkingTests */,
			);
		};
/* End PBXProject section */

/* Begin PBXResourcesBuildPhase section */
		43A701F91868E21800E39CBE /* Resources */ = {
			isa = PBXResourcesBuildPhase;
			buildActionMask = 2147483647;
			files = (
				43A702091868E21800E39CBE /* InfoPlist.strings in Resources */,
				43A702111868E21800E39CBE /* Images.xcassets in Resources */,
			);
			runOnlyForDeploymentPostprocessing = 0;
		};
		43A702141868E21900E39CBE /* Resources */ = {
			isa = PBXResourcesBuildPhase;
			buildActionMask = 2147483647;
			files = (
				43A702221868E21900E39CBE /* InfoPlist.strings in Resources */,
			);
			runOnlyForDeploymentPostprocessing = 0;
		};
/* End PBXResourcesBuildPhase section */

/* Begin PBXSourcesBuildPhase section */
		43A701F71868E21800E39CBE /* Sources */ = {
			isa = PBXSourcesBuildPhase;
			buildActionMask = 2147483647;
			files = (
				43A7023B1868E2A500E39CBE /* RUNetworkDictionaryResponse.m in Sources */,
				43A7020F1868E21800E39CBE /* RNAppDelegate.m in Sources */,
				43A7020B1868E21800E39CBE /* main.m in Sources */,
				43A702391868E2A500E39CBE /* RUJsonRequest.m in Sources */,
				43A7023C1868E2A500E39CBE /* RUNetworkResponse.m in Sources */,
				43A7023A1868E2A500E39CBE /* RUNetworkRequest.m in Sources */,
			);
			runOnlyForDeploymentPostprocessing = 0;
		};
		43A702121868E21900E39CBE /* Sources */ = {
			isa = PBXSourcesBuildPhase;
			buildActionMask = 2147483647;
			files = (
				43A702241868E21900E39CBE /* ResplendentNetworkingTests.m in Sources */,
			);
			runOnlyForDeploymentPostprocessing = 0;
		};
/* End PBXSourcesBuildPhase section */

/* Begin PBXTargetDependency section */
		43A7021C1868E21900E39CBE /* PBXTargetDependency */ = {
			isa = PBXTargetDependency;
			target = 43A701FA1868E21800E39CBE /* ResplendentNetworking */;
			targetProxy = 43A7021B1868E21900E39CBE /* PBXContainerItemProxy */;
		};
/* End PBXTargetDependency section */

/* Begin PBXVariantGroup section */
		43A702071868E21800E39CBE /* InfoPlist.strings */ = {
			isa = PBXVariantGroup;
			children = (
				43A702081868E21800E39CBE /* en */,
			);
			name = InfoPlist.strings;
			sourceTree = "<group>";
		};
		43A702201868E21900E39CBE /* InfoPlist.strings */ = {
			isa = PBXVariantGroup;
			children = (
				43A702211868E21900E39CBE /* en */,
			);
			name = InfoPlist.strings;
			sourceTree = "<group>";
		};
/* End PBXVariantGroup section */

/* Begin XCBuildConfiguration section */
		43A702251868E21900E39CBE /* Debug */ = {
			isa = XCBuildConfiguration;
			buildSettings = {
				ALWAYS_SEARCH_USER_PATHS = NO;
				ARCHS = "$(ARCHS_STANDARD_INCLUDING_64_BIT)";
				CLANG_CXX_LANGUAGE_STANDARD = "gnu++0x";
				CLANG_CXX_LIBRARY = "libc++";
				CLANG_ENABLE_MODULES = YES;
				CLANG_ENABLE_OBJC_ARC = YES;
				CLANG_WARN_BOOL_CONVERSION = YES;
				CLANG_WARN_CONSTANT_CONVERSION = YES;
				CLANG_WARN_DIRECT_OBJC_ISA_USAGE = YES_ERROR;
				CLANG_WARN_EMPTY_BODY = YES;
				CLANG_WARN_ENUM_CONVERSION = YES;
				CLANG_WARN_INT_CONVERSION = YES;
				CLANG_WARN_OBJC_ROOT_CLASS = YES_ERROR;
				CLANG_WARN__DUPLICATE_METHOD_MATCH = YES;
				"CODE_SIGN_IDENTITY[sdk=iphoneos*]" = "iPhone Developer";
				COPY_PHASE_STRIP = NO;
				GCC_C_LANGUAGE_STANDARD = gnu99;
				GCC_DYNAMIC_NO_PIC = NO;
				GCC_OPTIMIZATION_LEVEL = 0;
				GCC_PREPROCESSOR_DEFINITIONS = (
					"DEBUG=1",
					"$(inherited)",
				);
				GCC_SYMBOLS_PRIVATE_EXTERN = NO;
				GCC_WARN_64_TO_32_BIT_CONVERSION = YES;
				GCC_WARN_ABOUT_RETURN_TYPE = YES_ERROR;
				GCC_WARN_UNDECLARED_SELECTOR = YES;
				GCC_WARN_UNINITIALIZED_AUTOS = YES;
				GCC_WARN_UNUSED_FUNCTION = YES;
				GCC_WARN_UNUSED_VARIABLE = YES;
				IPHONEOS_DEPLOYMENT_TARGET = 7.0;
				ONLY_ACTIVE_ARCH = YES;
				SDKROOT = iphoneos;
				TARGETED_DEVICE_FAMILY = "1,2";
			};
			name = Debug;
		};
		43A702261868E21900E39CBE /* Release */ = {
			isa = XCBuildConfiguration;
			buildSettings = {
				ALWAYS_SEARCH_USER_PATHS = NO;
				ARCHS = "$(ARCHS_STANDARD_INCLUDING_64_BIT)";
				CLANG_CXX_LANGUAGE_STANDARD = "gnu++0x";
				CLANG_CXX_LIBRARY = "libc++";
				CLANG_ENABLE_MODULES = YES;
				CLANG_ENABLE_OBJC_ARC = YES;
				CLANG_WARN_BOOL_CONVERSION = YES;
				CLANG_WARN_CONSTANT_CONVERSION = YES;
				CLANG_WARN_DIRECT_OBJC_ISA_USAGE = YES_ERROR;
				CLANG_WARN_EMPTY_BODY = YES;
				CLANG_WARN_ENUM_CONVERSION = YES;
				CLANG_WARN_INT_CONVERSION = YES;
				CLANG_WARN_OBJC_ROOT_CLASS = YES_ERROR;
				CLANG_WARN__DUPLICATE_METHOD_MATCH = YES;
				"CODE_SIGN_IDENTITY[sdk=iphoneos*]" = "iPhone Developer";
				COPY_PHASE_STRIP = YES;
				ENABLE_NS_ASSERTIONS = NO;
				GCC_C_LANGUAGE_STANDARD = gnu99;
				GCC_WARN_64_TO_32_BIT_CONVERSION = YES;
				GCC_WARN_ABOUT_RETURN_TYPE = YES_ERROR;
				GCC_WARN_UNDECLARED_SELECTOR = YES;
				GCC_WARN_UNINITIALIZED_AUTOS = YES;
				GCC_WARN_UNUSED_FUNCTION = YES;
				GCC_WARN_UNUSED_VARIABLE = YES;
				IPHONEOS_DEPLOYMENT_TARGET = 7.0;
				SDKROOT = iphoneos;
				TARGETED_DEVICE_FAMILY = "1,2";
				VALIDATE_PRODUCT = YES;
			};
			name = Release;
		};
		43A702281868E21900E39CBE /* Debug */ = {
			isa = XCBuildConfiguration;
			buildSettings = {
				ASSETCATALOG_COMPILER_APPICON_NAME = AppIcon;
				ASSETCATALOG_COMPILER_LAUNCHIMAGE_NAME = LaunchImage;
				GCC_PRECOMPILE_PREFIX_HEADER = YES;
				GCC_PREFIX_HEADER = "ResplendentNetworking/ResplendentNetworking-Prefix.pch";
				INFOPLIST_FILE = "ResplendentNetworking/ResplendentNetworking-Info.plist";
				PRODUCT_NAME = "$(TARGET_NAME)";
				WRAPPER_EXTENSION = app;
			};
			name = Debug;
		};
		43A702291868E21900E39CBE /* Release */ = {
			isa = XCBuildConfiguration;
			buildSettings = {
				ASSETCATALOG_COMPILER_APPICON_NAME = AppIcon;
				ASSETCATALOG_COMPILER_LAUNCHIMAGE_NAME = LaunchImage;
				GCC_PRECOMPILE_PREFIX_HEADER = YES;
				GCC_PREFIX_HEADER = "ResplendentNetworking/ResplendentNetworking-Prefix.pch";
				INFOPLIST_FILE = "ResplendentNetworking/ResplendentNetworking-Info.plist";
				PRODUCT_NAME = "$(TARGET_NAME)";
				WRAPPER_EXTENSION = app;
			};
			name = Release;
		};
		43A7022B1868E21900E39CBE /* Debug */ = {
			isa = XCBuildConfiguration;
			buildSettings = {
				ARCHS = "$(ARCHS_STANDARD_INCLUDING_64_BIT)";
				BUNDLE_LOADER = "$(BUILT_PRODUCTS_DIR)/ResplendentNetworking.app/ResplendentNetworking";
				FRAMEWORK_SEARCH_PATHS = (
					"$(SDKROOT)/Developer/Library/Frameworks",
					"$(inherited)",
					"$(DEVELOPER_FRAMEWORKS_DIR)",
				);
				GCC_PRECOMPILE_PREFIX_HEADER = YES;
				GCC_PREFIX_HEADER = "ResplendentNetworking/ResplendentNetworking-Prefix.pch";
				GCC_PREPROCESSOR_DEFINITIONS = (
					"DEBUG=1",
					"$(inherited)",
				);
				INFOPLIST_FILE = "ResplendentNetworkingTests/ResplendentNetworkingTests-Info.plist";
				PRODUCT_NAME = "$(TARGET_NAME)";
				TEST_HOST = "$(BUNDLE_LOADER)";
				WRAPPER_EXTENSION = xctest;
			};
			name = Debug;
		};
		43A7022C1868E21900E39CBE /* Release */ = {
			isa = XCBuildConfiguration;
			buildSettings = {
				ARCHS = "$(ARCHS_STANDARD_INCLUDING_64_BIT)";
				BUNDLE_LOADER = "$(BUILT_PRODUCTS_DIR)/ResplendentNetworking.app/ResplendentNetworking";
				FRAMEWORK_SEARCH_PATHS = (
					"$(SDKROOT)/Developer/Library/Frameworks",
					"$(inherited)",
					"$(DEVELOPER_FRAMEWORKS_DIR)",
				);
				GCC_PRECOMPILE_PREFIX_HEADER = YES;
				GCC_PREFIX_HEADER = "ResplendentNetworking/ResplendentNetworking-Prefix.pch";
				INFOPLIST_FILE = "ResplendentNetworkingTests/ResplendentNetworkingTests-Info.plist";
				PRODUCT_NAME = "$(TARGET_NAME)";
				TEST_HOST = "$(BUNDLE_LOADER)";
				WRAPPER_EXTENSION = xctest;
			};
			name = Release;
		};
/* End XCBuildConfiguration section */

/* Begin XCConfigurationList section */
		43A701F61868E21800E39CBE /* Build configuration list for PBXProject "ResplendentNetworking" */ = {
			isa = XCConfigurationList;
			buildConfigurations = (
				43A702251868E21900E39CBE /* Debug */,
				43A702261868E21900E39CBE /* Release */,
			);
			defaultConfigurationIsVisible = 0;
			defaultConfigurationName = Release;
		};
		43A702271868E21900E39CBE /* Build configuration list for PBXNativeTarget "ResplendentNetworking" */ = {
			isa = XCConfigurationList;
			buildConfigurations = (
				43A702281868E21900E39CBE /* Debug */,
				43A702291868E21900E39CBE /* Release */,
			);
			defaultConfigurationIsVisible = 0;
			defaultConfigurationName = Release;
		};
		43A7022A1868E21900E39CBE /* Build configuration list for PBXNativeTarget "ResplendentNetworkingTests" */ = {
			isa = XCConfigurationList;
			buildConfigurations = (
				43A7022B1868E21900E39CBE /* Debug */,
				43A7022C1868E21900E39CBE /* Release */,
			);
			defaultConfigurationIsVisible = 0;
			defaultConfigurationName = Release;
		};
/* End XCConfigurationList section */
	};
	rootObject = 43A701F31868E21800E39CBE /* Project object */;
}
